
Microsoft Visual Studio Solution File, Format Version 12.00
# Visual Studio 2017
Project("{FAE04EC0-301F-11D3-BF4B-00C04F79EFBC}") = "Architect", "Architect.csproj", "{B1E5E35B-4110-7B46-BBFB-6F6528F3099E}"
EndProject
Project("{FAE04EC0-301F-11D3-BF4B-00C04F79EFBC}") = "Architect.Editor", "Architect.Editor.csproj", "{DF0A437B-0011-3C2C-7331-33FDB247EAD4}"
EndProject
Global
	GlobalSection(SolutionConfigurationPlatforms) = preSolution
		Debug|Any CPU = Debug|Any CPU
		Release|Any CPU = Release|Any CPU
	EndGlobalSection
	GlobalSection(ProjectConfigurationPlatforms) = postSolution
		{B1E5E35B-4110-7B46-BBFB-6F6528F3099E}.Debug|Any CPU.ActiveCfg = Debug|Any CPU
		{B1E5E35B-4110-7B46-BBFB-6F6528F3099E}.Debug|Any CPU.Build.0 = Debug|Any CPU
		{B1E5E35B-4110-7B46-BBFB-6F6528F3099E}.Release|Any CPU.ActiveCfg = Release|Any CPU
		{B1E5E35B-4110-7B46-BBFB-6F6528F3099E}.Release|Any CPU.Build.0 = Release|Any CPU
		{DF0A437B-0011-3C2C-7331-33FDB247EAD4}.Debug|Any CPU.ActiveCfg = Debug|Any CPU
		{DF0A437B-0011-3C2C-7331-33FDB247EAD4}.Debug|Any CPU.Build.0 = Debug|Any CPU
		{DF0A437B-0011-3C2C-7331-33FDB247EAD4}.Release|Any CPU.ActiveCfg = Release|Any CPU
		{DF0A437B-0011-3C2C-7331-33FDB247EAD4}.Release|Any CPU.Build.0 = Release|Any CPU
	EndGlobalSection
	GlobalSection(SolutionProperties) = preSolution
		HideSolutionNode = FALSE
	EndGlobalSection
EndGlobal
