Microsoft Visual Studio Solution File, Format Version 11.00
# Visual Studio 2008

Project("{4BB5DA08-4DA7-CBEF-67D5-F21BCB933AF7}") = "Architect", "Assembly-CSharp.csproj", "{C2C9DD70-C84B-0574-1C59-6E0D1D0AEB61}"
EndProject
Project("{4BB5DA08-4DA7-CBEF-67D5-F21BCB933AF7}") = "Architect", "Assembly-CSharp-Editor.csproj", "{A28BE4E3-7BF5-F26D-EEA3-AC3FDABA280A}"
EndProject
Global
	GlobalSection(SolutionConfigurationPlatforms) = preSolution
		Debug|Any CPU = Debug|Any CPU
		Release|Any CPU = Release|Any CPU
	EndGlobalSection
	GlobalSection(ProjectConfigurationPlatforms) = postSolution
		{C2C9DD70-C84B-0574-1C59-6E0D1D0AEB61}.Debug|Any CPU.ActiveCfg = Debug|Any CPU
		{C2C9DD70-C84B-0574-1C59-6E0D1D0AEB61}.Debug|Any CPU.Build.0 = Debug|Any CPU
		{C2C9DD70-C84B-0574-1C59-6E0D1D0AEB61}.Release|Any CPU.ActiveCfg = Release|Any CPU
		{C2C9DD70-C84B-0574-1C59-6E0D1D0AEB61}.Release|Any CPU.Build.0 = Release|Any CPU
		{A28BE4E3-7BF5-F26D-EEA3-AC3FDABA280A}.Debug|Any CPU.ActiveCfg = Debug|Any CPU
		{A28BE4E3-7BF5-F26D-EEA3-AC3FDABA280A}.Debug|Any CPU.Build.0 = Debug|Any CPU
		{A28BE4E3-7BF5-F26D-EEA3-AC3FDABA280A}.Release|Any CPU.ActiveCfg = Release|Any CPU
		{A28BE4E3-7BF5-F26D-EEA3-AC3FDABA280A}.Release|Any CPU.Build.0 = Release|Any CPU
	EndGlobalSection
	GlobalSection(SolutionProperties) = preSolution
		HideSolutionNode = FALSE
	EndGlobalSection
	GlobalSection(MonoDevelopProperties) = preSolution
		StartupItem = Assembly-CSharp.csproj
	EndGlobalSection
EndGlobal
